
Microsoft Visual Studio Solution File, Format Version 12.00
# Visual Studio Version 17
VisualStudioVersion = 17.10.35013.160
MinimumVisualStudioVersion = 10.0.40219.1
Project("{FAE04EC0-301F-11D3-BF4B-00C04F79EFBC}") = "AngularWithASP.Server", "AngularWithASP.Server\AngularWithASP.Server.csproj", "{F96DD201-ECF1-4221-9413-ACCB9AF6C899}"
EndProject
Project("{54A90642-561A-4BB1-A94E-469ADEE60C69}") = "angularwithasp.client", "angularwithasp.client\angularwithasp.client.esproj", "{1A37DF13-8611-4E47-B25A-D3A683D0BFEB}"
EndProject
Global
	GlobalSection(SolutionConfigurationPlatforms) = preSolution
		Debug|Any CPU = Debug|Any CPU
		Release|Any CPU = Release|Any CPU
	EndGlobalSection
	GlobalSection(ProjectConfigurationPlatforms) = postSolution
		{F96DD201-ECF1-4221-9413-ACCB9AF6C899}.Debug|Any CPU.ActiveCfg = Debug|Any CPU
		{F96DD201-ECF1-4221-9413-ACCB9AF6C899}.Debug|Any CPU.Build.0 = Debug|Any CPU
		{F96DD201-ECF1-4221-9413-ACCB9AF6C899}.Release|Any CPU.ActiveCfg = Release|Any CPU
		{F96DD201-ECF1-4221-9413-ACCB9AF6C899}.Release|Any CPU.Build.0 = Release|Any CPU
		{1A37DF13-8611-4E47-B25A-D3A683D0BFEB}.Debug|Any CPU.ActiveCfg = Debug|Any CPU
		{1A37DF13-8611-4E47-B25A-D3A683D0BFEB}.Debug|Any CPU.Build.0 = Debug|Any CPU
		{1A37DF13-8611-4E47-B25A-D3A683D0BFEB}.Debug|Any CPU.Deploy.0 = Debug|Any CPU
		{1A37DF13-8611-4E47-B25A-D3A683D0BFEB}.Release|Any CPU.ActiveCfg = Release|Any CPU
		{1A37DF13-8611-4E47-B25A-D3A683D0BFEB}.Release|Any CPU.Build.0 = Release|Any CPU
		{1A37DF13-8611-4E47-B25A-D3A683D0BFEB}.Release|Any CPU.Deploy.0 = Release|Any CPU
	EndGlobalSection
	GlobalSection(SolutionProperties) = preSolution
		HideSolutionNode = FALSE
	EndGlobalSection
	GlobalSection(ExtensibilityGlobals) = postSolution
		SolutionGuid = {E04C9D1F-2F82-426D-B925-1C5EDADAEF29}
	EndGlobalSection
EndGlobal
